
Microsoft Visual Studio Solution File, Format Version 12.00
# Visual Studio Version 17
VisualStudioVersion = 17.7.34031.279
MinimumVisualStudioVersion = 10.0.40219.1
Project("{FAE04EC0-301F-11D3-BF4B-00C04F79EFBC}") = "Tema3-Estaciones", "Tema3-Estaciones.csproj", "{C177F0AD-914A-4C77-B1C1-E69E9C71D94C}"
EndProject
Global
	GlobalSection(SolutionConfigurationPlatforms) = preSolution
		Debug|Any CPU = Debug|Any CPU
		Release|Any CPU = Release|Any CPU
	EndGlobalSection
	GlobalSection(ProjectConfigurationPlatforms) = postSolution
		{C177F0AD-914A-4C77-B1C1-E69E9C71D94C}.Debug|Any CPU.ActiveCfg = Debug|Any CPU
		{C177F0AD-914A-4C77-B1C1-E69E9C71D94C}.Debug|Any CPU.Build.0 = Debug|Any CPU
		{C177F0AD-914A-4C77-B1C1-E69E9C71D94C}.Release|Any CPU.ActiveCfg = Release|Any CPU
		{C177F0AD-914A-4C77-B1C1-E69E9C71D94C}.Release|Any CPU.Build.0 = Release|Any CPU
	EndGlobalSection
	GlobalSection(SolutionProperties) = preSolution
		HideSolutionNode = FALSE
	EndGlobalSection
	GlobalSection(ExtensibilityGlobals) = postSolution
		SolutionGuid = {3DB4382D-757A-4B2D-9E90-B16D994AE890}
	EndGlobalSection
EndGlobal
